// !$*UTF8*$!
{
	archiveVersion = 1;
	classes = {
	};
	objectVersion = 46;
	objects = {

/* Begin PBXBuildFile section */
		6677EE321C1FBA04001E71DC /* CCJBLECenterManager.m in Sources */ = {isa = PBXBuildFile; fileRef = 6677EE251C1FBA04001E71DC /* CCJBLECenterManager.m */; };
		6677EE331C1FBA04001E71DC /* FactoryManager.m in Sources */ = {isa = PBXBuildFile; fileRef = 6677EE271C1FBA04001E71DC /* FactoryManager.m */; };
		6677EE341C1FBA04001E71DC /* LICENSE.txt in Resources */ = {isa = PBXBuildFile; fileRef = 6677EE2A1C1FBA04001E71DC /* LICENSE.txt */; };
		6677EE351C1FBA04001E71DC /* README.md in Sources */ = {isa = PBXBuildFile; fileRef = 6677EE2B1C1FBA04001E71DC /* README.md */; };
		6677EE361C1FBA04001E71DC /* SVIndefiniteAnimatedView.m in Sources */ = {isa = PBXBuildFile; fileRef = 6677EE2E1C1FBA04001E71DC /* SVIndefiniteAnimatedView.m */; };
		6677EE371C1FBA04001E71DC /* SVProgressHUD.bundle in Resources */ = {isa = PBXBuildFile; fileRef = 6677EE2F1C1FBA04001E71DC /* SVProgressHUD.bundle */; };
		6677EE381C1FBA04001E71DC /* SVProgressHUD.m in Sources */ = {isa = PBXBuildFile; fileRef = 6677EE311C1FBA04001E71DC /* SVProgressHUD.m */; };
		668310F11C1FA8C200D3BF05 /* main.m in Sources */ = {isa = PBXBuildFile; fileRef = 668310F01C1FA8C200D3BF05 /* main.m */; };
		668310F41C1FA8C200D3BF05 /* AppDelegate.m in Sources */ = {isa = PBXBuildFile; fileRef = 668310F31C1FA8C200D3BF05 /* AppDelegate.m */; };
		668310F71C1FA8C200D3BF05 /* ViewController.m in Sources */ = {isa = PBXBuildFile; fileRef = 668310F61C1FA8C200D3BF05 /* ViewController.m */; };
		668310FA1C1FA8C200D3BF05 /* Main.storyboard in Resources */ = {isa = PBXBuildFile; fileRef = 668310F81C1FA8C200D3BF05 /* Main.storyboard */; };
		668310FC1C1FA8C200D3BF05 /* Assets.xcassets in Resources */ = {isa = PBXBuildFile; fileRef = 668310FB1C1FA8C200D3BF05 /* Assets.xcassets */; };
		668310FF1C1FA8C200D3BF05 /* LaunchScreen.storyboard in Resources */ = {isa = PBXBuildFile; fileRef = 668310FD1C1FA8C200D3BF05 /* LaunchScreen.storyboard */; };
		6683110A1C1FA8C200D3BF05 /* CJBlueToothDemoTests.m in Sources */ = {isa = PBXBuildFile; fileRef = 668311091C1FA8C200D3BF05 /* CJBlueToothDemoTests.m */; };
		668311151C1FA8C200D3BF05 /* CJBlueToothDemoUITests.m in Sources */ = {isa = PBXBuildFile; fileRef = 668311141C1FA8C200D3BF05 /* CJBlueToothDemoUITests.m */; };
/* End PBXBuildFile section */

/* Begin PBXContainerItemProxy section */
		668311061C1FA8C200D3BF05 /* PBXContainerItemProxy */ = {
			isa = PBXContainerItemProxy;
			containerPortal = 668310E41C1FA8C200D3BF05 /* Project object */;
			proxyType = 1;
			remoteGlobalIDString = 668310EB1C1FA8C200D3BF05;
			remoteInfo = CJBlueToothDemo;
		};
		668311111C1FA8C200D3BF05 /* PBXContainerItemProxy */ = {
			isa = PBXContainerItemProxy;
			containerPortal = 668310E41C1FA8C200D3BF05 /* Project object */;
			proxyType = 1;
			remoteGlobalIDString = 668310EB1C1FA8C200D3BF05;
			remoteInfo = CJBlueToothDemo;
		};
/* End PBXContainerItemProxy section */

/* Begin PBXFileReference section */
		6677EE241C1FBA04001E71DC /* CCJBLECenterManager.h */ = {isa = PBXFileReference; fileEncoding = 4; lastKnownFileType = sourcecode.c.h; path = CCJBLECenterManager.h; sourceTree = "<group>"; };
		6677EE251C1FBA04001E71DC /* CCJBLECenterManager.m */ = {isa = PBXFileReference; fileEncoding = 4; lastKnownFileType = sourcecode.c.objc; path = CCJBLECenterManager.m; sourceTree = "<group>"; };
		6677EE261C1FBA04001E71DC /* FactoryManager.h */ = {isa = PBXFileReference; fileEncoding = 4; lastKnownFileType = sourcecode.c.h; path = FactoryManager.h; sourceTree = "<group>"; };
		6677EE271C1FBA04001E71DC /* FactoryManager.m */ = {isa = PBXFileReference; fileEncoding = 4; lastKnownFileType = sourcecode.c.objc; path = FactoryManager.m; sourceTree = "<group>"; };
		6677EE2A1C1FBA04001E71DC /* LICENSE.txt */ = {isa = PBXFileReference; fileEncoding = 4; lastKnownFileType = text; path = LICENSE.txt; sourceTree = "<group>"; };
		6677EE2B1C1FBA04001E71DC /* README.md */ = {isa = PBXFileReference; fileEncoding = 4; lastKnownFileType = net.daringfireball.markdown; path = README.md; sourceTree = "<group>"; };
		6677EE2D1C1FBA04001E71DC /* SVIndefiniteAnimatedView.h */ = {isa = PBXFileReference; fileEncoding = 4; lastKnownFileType = sourcecode.c.h; path = SVIndefiniteAnimatedView.h; sourceTree = "<group>"; };
		6677EE2E1C1FBA04001E71DC /* SVIndefiniteAnimatedView.m */ = {isa = PBXFileReference; fileEncoding = 4; lastKnownFileType = sourcecode.c.objc; path = SVIndefiniteAnimatedView.m; sourceTree = "<group>"; };
		6677EE2F1C1FBA04001E71DC /* SVProgressHUD.bundle */ = {isa = PBXFileReference; lastKnownFileType = "wrapper.plug-in"; path = SVProgressHUD.bundle; sourceTree = "<group>"; };
		6677EE301C1FBA04001E71DC /* SVProgressHUD.h */ = {isa = PBXFileReference; fileEncoding = 4; lastKnownFileType = sourcecode.c.h; path = SVProgressHUD.h; sourceTree = "<group>"; };
		6677EE311C1FBA04001E71DC /* SVProgressHUD.m */ = {isa = PBXFileReference; fileEncoding = 4; lastKnownFileType = sourcecode.c.objc; path = SVProgressHUD.m; sourceTree = "<group>"; };
		668310EC1C1FA8C200D3BF05 /* CJBlueToothDemo.app */ = {isa = PBXFileReference; explicitFileType = wrapper.application; includeInIndex = 0; path = CJBlueToothDemo.app; sourceTree = BUILT_PRODUCTS_DIR; };
		668310F01C1FA8C200D3BF05 /* main.m */ = {isa = PBXFileReference; lastKnownFileType = sourcecode.c.objc; path = main.m; sourceTree = "<group>"; };
		668310F21C1FA8C200D3BF05 /* AppDelegate.h */ = {isa = PBXFileReference; lastKnownFileType = sourcecode.c.h; path = AppDelegate.h; sourceTree = "<group>"; };
		668310F31C1FA8C200D3BF05 /* AppDelegate.m */ = {isa = PBXFileReference; lastKnownFileType = sourcecode.c.objc; path = AppDelegate.m; sourceTree = "<group>"; };
		668310F51C1FA8C200D3BF05 /* ViewController.h */ = {isa = PBXFileReference; lastKnownFileType = sourcecode.c.h; path = ViewController.h; sourceTree = "<group>"; };
		668310F61C1FA8C200D3BF05 /* ViewController.m */ = {isa = PBXFileReference; lastKnownFileType = sourcecode.c.objc; path = ViewController.m; sourceTree = "<group>"; };
		668310F91C1FA8C200D3BF05 /* Base */ = {isa = PBXFileReference; lastKnownFileType = file.storyboard; name = Base; path = Base.lproj/Main.storyboard; sourceTree = "<group>"; };
		668310FB1C1FA8C200D3BF05 /* Assets.xcassets */ = {isa = PBXFileReference; lastKnownFileType = folder.assetcatalog; path = Assets.xcassets; sourceTree = "<group>"; };
		668310FE1C1FA8C200D3BF05 /* Base */ = {isa = PBXFileReference; lastKnownFileType = file.storyboard; name = Base; path = Base.lproj/LaunchScreen.storyboard; sourceTree = "<group>"; };
		668311001C1FA8C200D3BF05 /* Info.plist */ = {isa = PBXFileReference; lastKnownFileType = text.plist.xml; path = Info.plist; sourceTree = "<group>"; };
		668311051C1FA8C200D3BF05 /* CJBlueToothDemoTests.xctest */ = {isa = PBXFileReference; explicitFileType = wrapper.cfbundle; includeInIndex = 0; path = CJBlueToothDemoTests.xctest; sourceTree = BUILT_PRODUCTS_DIR; };
		668311091C1FA8C200D3BF05 /* CJBlueToothDemoTests.m */ = {isa = PBXFileReference; lastKnownFileType = sourcecode.c.objc; path = CJBlueToothDemoTests.m; sourceTree = "<group>"; };
		6683110B1C1FA8C200D3BF05 /* Info.plist */ = {isa = PBXFileReference; lastKnownFileType = text.plist.xml; path = Info.plist; sourceTree = "<group>"; };
		668311101C1FA8C200D3BF05 /* CJBlueToothDemoUITests.xctest */ = {isa = PBXFileReference; explicitFileType = wrapper.cfbundle; includeInIndex = 0; path = CJBlueToothDemoUITests.xctest; sourceTree = BUILT_PRODUCTS_DIR; };
		668311141C1FA8C200D3BF05 /* CJBlueToothDemoUITests.m */ = {isa = PBXFileReference; lastKnownFileType = sourcecode.c.objc; path = CJBlueToothDemoUITests.m; sourceTree = "<group>"; };
		668311161C1FA8C200D3BF05 /* Info.plist */ = {isa = PBXFileReference; lastKnownFileType = text.plist.xml; path = Info.plist; sourceTree = "<group>"; };
/* End PBXFileReference section */

/* Begin PBXFrameworksBuildPhase section */
		668310E91C1FA8C200D3BF05 /* Frameworks */ = {
			isa = PBXFrameworksBuildPhase;
			buildActionMask = 2147483647;
			files = (
			);
			runOnlyForDeploymentPostprocessing = 0;
		};
		668311021C1FA8C200D3BF05 /* Frameworks */ = {
			isa = PBXFrameworksBuildPhase;
			buildActionMask = 2147483647;
			files = (
			);
			runOnlyForDeploymentPostprocessing = 0;
		};
		6683110D1C1FA8C200D3BF05 /* Frameworks */ = {
			isa = PBXFrameworksBuildPhase;
			buildActionMask = 2147483647;
			files = (
			);
			runOnlyForDeploymentPostprocessing = 0;
		};
/* End PBXFrameworksBuildPhase section */

/* Begin PBXGroup section */
		6677EE231C1FBA04001E71DC /* CJBlueTooth */ = {
			isa = PBXGroup;
			children = (
				6677EE241C1FBA04001E71DC /* CCJBLECenterManager.h */,
				6677EE251C1FBA04001E71DC /* CCJBLECenterManager.m */,
				6677EE261C1FBA04001E71DC /* FactoryManager.h */,
				6677EE271C1FBA04001E71DC /* FactoryManager.m */,
				6677EE281C1FBA04001E71DC /* Other */,
			);
			name = CJBlueTooth;
			path = ../../CJBlueTooth;
			sourceTree = "<group>";
		};
		6677EE281C1FBA04001E71DC /* Other */ = {
			isa = PBXGroup;
			children = (
				6677EE291C1FBA04001E71DC /* SVProgressHUD */,
			);
			path = Other;
			sourceTree = "<group>";
		};
		6677EE291C1FBA04001E71DC /* SVProgressHUD */ = {
			isa = PBXGroup;
			children = (
				6677EE2A1C1FBA04001E71DC /* LICENSE.txt */,
				6677EE2B1C1FBA04001E71DC /* README.md */,
				6677EE2C1C1FBA04001E71DC /* SVProgressHUD */,
			);
			path = SVProgressHUD;
			sourceTree = "<group>";
		};
		6677EE2C1C1FBA04001E71DC /* SVProgressHUD */ = {
			isa = PBXGroup;
			children = (
				6677EE2D1C1FBA04001E71DC /* SVIndefiniteAnimatedView.h */,
				6677EE2E1C1FBA04001E71DC /* SVIndefiniteAnimatedView.m */,
				6677EE2F1C1FBA04001E71DC /* SVProgressHUD.bundle */,
				6677EE301C1FBA04001E71DC /* SVProgressHUD.h */,
				6677EE311C1FBA04001E71DC /* SVProgressHUD.m */,
			);
			path = SVProgressHUD;
			sourceTree = "<group>";
		};
		668310E31C1FA8C200D3BF05 = {
			isa = PBXGroup;
			children = (
				668310EE1C1FA8C200D3BF05 /* CJBlueToothDemo */,
				668311081C1FA8C200D3BF05 /* CJBlueToothDemoTests */,
				668311131C1FA8C200D3BF05 /* CJBlueToothDemoUITests */,
				668310ED1C1FA8C200D3BF05 /* Products */,
			);
			sourceTree = "<group>";
		};
		668310ED1C1FA8C200D3BF05 /* Products */ = {
			isa = PBXGroup;
			children = (
				668310EC1C1FA8C200D3BF05 /* CJBlueToothDemo.app */,
				668311051C1FA8C200D3BF05 /* CJBlueToothDemoTests.xctest */,
				668311101C1FA8C200D3BF05 /* CJBlueToothDemoUITests.xctest */,
			);
			name = Products;
			sourceTree = "<group>";
		};
		668310EE1C1FA8C200D3BF05 /* CJBlueToothDemo */ = {
			isa = PBXGroup;
			children = (
				6677EE231C1FBA04001E71DC /* CJBlueTooth */,
				668310F21C1FA8C200D3BF05 /* AppDelegate.h */,
				668310F31C1FA8C200D3BF05 /* AppDelegate.m */,
				668310F51C1FA8C200D3BF05 /* ViewController.h */,
				668310F61C1FA8C200D3BF05 /* ViewController.m */,
				668310F81C1FA8C200D3BF05 /* Main.storyboard */,
				668310FB1C1FA8C200D3BF05 /* Assets.xcassets */,
				668310FD1C1FA8C200D3BF05 /* LaunchScreen.storyboard */,
				668311001C1FA8C200D3BF05 /* Info.plist */,
				668310EF1C1FA8C200D3BF05 /* Supporting Files */,
			);
			path = CJBlueToothDemo;
			sourceTree = "<group>";
		};
		668310EF1C1FA8C200D3BF05 /* Supporting Files */ = {
			isa = PBXGroup;
			children = (
				668310F01C1FA8C200D3BF05 /* main.m */,
			);
			name = "Supporting Files";
			sourceTree = "<group>";
		};
		668311081C1FA8C200D3BF05 /* CJBlueToothDemoTests */ = {
			isa = PBXGroup;
			children = (
				668311091C1FA8C200D3BF05 /* CJBlueToothDemoTests.m */,
				6683110B1C1FA8C200D3BF05 /* Info.plist */,
			);
			path = CJBlueToothDemoTests;
			sourceTree = "<group>";
		};
		668311131C1FA8C200D3BF05 /* CJBlueToothDemoUITests */ = {
			isa = PBXGroup;
			children = (
				668311141C1FA8C200D3BF05 /* CJBlueToothDemoUITests.m */,
				668311161C1FA8C200D3BF05 /* Info.plist */,
			);
			path = CJBlueToothDemoUITests;
			sourceTree = "<group>";
		};
/* End PBXGroup section */

/* Begin PBXNativeTarget section */
		668310EB1C1FA8C200D3BF05 /* CJBlueToothDemo */ = {
			isa = PBXNativeTarget;
			buildConfigurationList = 668311191C1FA8C200D3BF05 /* Build configuration list for PBXNativeTarget "CJBlueToothDemo" */;
			buildPhases = (
				668310E81C1FA8C200D3BF05 /* Sources */,
				668310E91C1FA8C200D3BF05 /* Frameworks */,
				668310EA1C1FA8C200D3BF05 /* Resources */,
			);
			buildRules = (
			);
			dependencies = (
			);
			name = CJBlueToothDemo;
			productName = CJBlueToothDemo;
			productReference = 668310EC1C1FA8C200D3BF05 /* CJBlueToothDemo.app */;
			productType = "com.apple.product-type.application";
		};
		668311041C1FA8C200D3BF05 /* CJBlueToothDemoTests */ = {
			isa = PBXNativeTarget;
			buildConfigurationList = 6683111C1C1FA8C200D3BF05 /* Build configuration list for PBXNativeTarget "CJBlueToothDemoTests" */;
			buildPhases = (
				668311011C1FA8C200D3BF05 /* Sources */,
				668311021C1FA8C200D3BF05 /* Frameworks */,
				668311031C1FA8C200D3BF05 /* Resources */,
			);
			buildRules = (
			);
			dependencies = (
				668311071C1FA8C200D3BF05 /* PBXTargetDependency */,
			);
			name = CJBlueToothDemoTests;
			productName = CJBlueToothDemoTests;
			productReference = 668311051C1FA8C200D3BF05 /* CJBlueToothDemoTests.xctest */;
			productType = "com.apple.product-type.bundle.unit-test";
		};
		6683110F1C1FA8C200D3BF05 /* CJBlueToothDemoUITests */ = {
			isa = PBXNativeTarget;
			buildConfigurationList = 6683111F1C1FA8C200D3BF05 /* Build configuration list for PBXNativeTarget "CJBlueToothDemoUITests" */;
			buildPhases = (
				6683110C1C1FA8C200D3BF05 /* Sources */,
				6683110D1C1FA8C200D3BF05 /* Frameworks */,
				6683110E1C1FA8C200D3BF05 /* Resources */,
			);
			buildRules = (
			);
			dependencies = (
				668311121C1FA8C200D3BF05 /* PBXTargetDependency */,
			);
			name = CJBlueToothDemoUITests;
			productName = CJBlueToothDemoUITests;
			productReference = 668311101C1FA8C200D3BF05 /* CJBlueToothDemoUITests.xctest */;
			productType = "com.apple.product-type.bundle.ui-testing";
		};
/* End PBXNativeTarget section */

/* Begin PBXProject section */
		668310E41C1FA8C200D3BF05 /* Project object */ = {
			isa = PBXProject;
			attributes = {
				LastUpgradeCheck = 0700;
				ORGANIZATIONNAME = ccj;
				TargetAttributes = {
					668310EB1C1FA8C200D3BF05 = {
						CreatedOnToolsVersion = 7.0;
					};
					668311041C1FA8C200D3BF05 = {
						CreatedOnToolsVersion = 7.0;
						TestTargetID = 668310EB1C1FA8C200D3BF05;
					};
					6683110F1C1FA8C200D3BF05 = {
						CreatedOnToolsVersion = 7.0;
						TestTargetID = 668310EB1C1FA8C200D3BF05;
					};
				};
			};
			buildConfigurationList = 668310E71C1FA8C200D3BF05 /* Build configuration list for PBXProject "CJBlueToothDemo" */;
			compatibilityVersion = "Xcode 3.2";
			developmentRegion = English;
			hasScannedForEncodings = 0;
			knownRegions = (
				en,
				Base,
			);
			mainGroup = 668310E31C1FA8C200D3BF05;
			productRefGroup = 668310ED1C1FA8C200D3BF05 /* Products */;
			projectDirPath = "";
			projectRoot = "";
			targets = (
				668310EB1C1FA8C200D3BF05 /* CJBlueToothDemo */,
				668311041C1FA8C200D3BF05 /* CJBlueToothDemoTests */,
				6683110F1C1FA8C200D3BF05 /* CJBlueToothDemoUITests */,
			);
		};
/* End PBXProject section */

/* Begin PBXResourcesBuildPhase section */
		668310EA1C1FA8C200D3BF05 /* Resources */ = {
			isa = PBXResourcesBuildPhase;
			buildActionMask = 2147483647;
			files = (
				6677EE371C1FBA04001E71DC /* SVProgressHUD.bundle in Resources */,
				6677EE341C1FBA04001E71DC /* LICENSE.txt in Resources */,
				668310FF1C1FA8C200D3BF05 /* LaunchScreen.storyboard in Resources */,
				668310FC1C1FA8C200D3BF05 /* Assets.xcassets in Resources */,
				668310FA1C1FA8C200D3BF05 /* Main.storyboard in Resources */,
			);
			runOnlyForDeploymentPostprocessing = 0;
		};
		668311031C1FA8C200D3BF05 /* Resources */ = {
			isa = PBXResourcesBuildPhase;
			buildActionMask = 2147483647;
			files = (
			);
			runOnlyForDeploymentPostprocessing = 0;
		};
		6683110E1C1FA8C200D3BF05 /* Resources */ = {
			isa = PBXResourcesBuildPhase;
			buildActionMask = 2147483647;
			files = (
			);
			runOnlyForDeploymentPostprocessing = 0;
		};
/* End PBXResourcesBuildPhase section */

/* Begin PBXSourcesBuildPhase section */
		668310E81C1FA8C200D3BF05 /* Sources */ = {
			isa = PBXSourcesBuildPhase;
			buildActionMask = 2147483647;
			files = (
				6677EE351C1FBA04001E71DC /* README.md in Sources */,
				6677EE381C1FBA04001E71DC /* SVProgressHUD.m in Sources */,
				668310F71C1FA8C200D3BF05 /* ViewController.m in Sources */,
				668310F41C1FA8C200D3BF05 /* AppDelegate.m in Sources */,
				668310F11C1FA8C200D3BF05 /* main.m in Sources */,
				6677EE321C1FBA04001E71DC /* CCJBLECenterManager.m in Sources */,
				6677EE361C1FBA04001E71DC /* SVIndefiniteAnimatedView.m in Sources */,
				6677EE331C1FBA04001E71DC /* FactoryManager.m in Sources */,
			);
			runOnlyForDeploymentPostprocessing = 0;
		};
		668311011C1FA8C200D3BF05 /* Sources */ = {
			isa = PBXSourcesBuildPhase;
			buildActionMask = 2147483647;
			files = (
				6683110A1C1FA8C200D3BF05 /* CJBlueToothDemoTests.m in Sources */,
			);
			runOnlyForDeploymentPostprocessing = 0;
		};
		6683110C1C1FA8C200D3BF05 /* Sources */ = {
			isa = PBXSourcesBuildPhase;
			buildActionMask = 2147483647;
			files = (
				668311151C1FA8C200D3BF05 /* CJBlueToothDemoUITests.m in Sources */,
			);
			runOnlyForDeploymentPostprocessing = 0;
		};
/* End PBXSourcesBuildPhase section */

/* Begin PBXTargetDependency section */
		668311071C1FA8C200D3BF05 /* PBXTargetDependency */ = {
			isa = PBXTargetDependency;
			target = 668310EB1C1FA8C200D3BF05 /* CJBlueToothDemo */;
			targetProxy = 668311061C1FA8C200D3BF05 /* PBXContainerItemProxy */;
		};
		668311121C1FA8C200D3BF05 /* PBXTargetDependency */ = {
			isa = PBXTargetDependency;
			target = 668310EB1C1FA8C200D3BF05 /* CJBlueToothDemo */;
			targetProxy = 668311111C1FA8C200D3BF05 /* PBXContainerItemProxy */;
		};
/* End PBXTargetDependency section */

/* Begin PBXVariantGroup section */
		668310F81C1FA8C200D3BF05 /* Main.storyboard */ = {
			isa = PBXVariantGroup;
			children = (
				668310F91C1FA8C200D3BF05 /* Base */,
			);
			name = Main.storyboard;
			sourceTree = "<group>";
		};
		668310FD1C1FA8C200D3BF05 /* LaunchScreen.storyboard */ = {
			isa = PBXVariantGroup;
			children = (
				668310FE1C1FA8C200D3BF05 /* Base */,
			);
			name = LaunchScreen.storyboard;
			sourceTree = "<group>";
		};
/* End PBXVariantGroup section */

/* Begin XCBuildConfiguration section */
		668311171C1FA8C200D3BF05 /* Debug */ = {
			isa = XCBuildConfiguration;
			buildSettings = {
				ALWAYS_SEARCH_USER_PATHS = NO;
				CLANG_CXX_LANGUAGE_STANDARD = "gnu++0x";
				CLANG_CXX_LIBRARY = "libc++";
				CLANG_ENABLE_MODULES = YES;
				CLANG_ENABLE_OBJC_ARC = YES;
				CLANG_WARN_BOOL_CONVERSION = YES;
				CLANG_WARN_CONSTANT_CONVERSION = YES;
				CLANG_WARN_DIRECT_OBJC_ISA_USAGE = YES_ERROR;
				CLANG_WARN_EMPTY_BODY = YES;
				CLANG_WARN_ENUM_CONVERSION = YES;
				CLANG_WARN_INT_CONVERSION = YES;
				CLANG_WARN_OBJC_ROOT_CLASS = YES_ERROR;
				CLANG_WARN_UNREACHABLE_CODE = YES;
				CLANG_WARN__DUPLICATE_METHOD_MATCH = YES;
				"CODE_SIGN_IDENTITY[sdk=iphoneos*]" = "iPhone Developer";
				COPY_PHASE_STRIP = NO;
				DEBUG_INFORMATION_FORMAT = dwarf;
				ENABLE_STRICT_OBJC_MSGSEND = YES;
				ENABLE_TESTABILITY = YES;
				GCC_C_LANGUAGE_STANDARD = gnu99;
				GCC_DYNAMIC_NO_PIC = NO;
				GCC_NO_COMMON_BLOCKS = YES;
				GCC_OPTIMIZATION_LEVEL = 0;
				GCC_PREPROCESSOR_DEFINITIONS = (
					"DEBUG=1",
					"$(inherited)",
				);
				GCC_WARN_64_TO_32_BIT_CONVERSION = YES;
				GCC_WARN_ABOUT_RETURN_TYPE = YES_ERROR;
				GCC_WARN_UNDECLARED_SELECTOR = YES;
				GCC_WARN_UNINITIALIZED_AUTOS = YES_AGGRESSIVE;
				GCC_WARN_UNUSED_FUNCTION = YES;
				GCC_WARN_UNUSED_VARIABLE = YES;
				IPHONEOS_DEPLOYMENT_TARGET = 9.0;
				MTL_ENABLE_DEBUG_INFO = YES;
				ONLY_ACTIVE_ARCH = YES;
				SDKROOT = iphoneos;
				TARGETED_DEVICE_FAMILY = "1,2";
			};
			name = Debug;
		};
		668311181C1FA8C200D3BF05 /* Release */ = {
			isa = XCBuildConfiguration;
			buildSettings = {
				ALWAYS_SEARCH_USER_PATHS = NO;
				CLANG_CXX_LANGUAGE_STANDARD = "gnu++0x";
				CLANG_CXX_LIBRARY = "libc++";
				CLANG_ENABLE_MODULES = YES;
				CLANG_ENABLE_OBJC_ARC = YES;
				CLANG_WARN_BOOL_CONVERSION = YES;
				CLANG_WARN_CONSTANT_CONVERSION = YES;
				CLANG_WARN_DIRECT_OBJC_ISA_USAGE = YES_ERROR;
				CLANG_WARN_EMPTY_BODY = YES;
				CLANG_WARN_ENUM_CONVERSION = YES;
				CLANG_WARN_INT_CONVERSION = YES;
				CLANG_WARN_OBJC_ROOT_CLASS = YES_ERROR;
				CLANG_WARN_UNREACHABLE_CODE = YES;
				CLANG_WARN__DUPLICATE_METHOD_MATCH = YES;
				"CODE_SIGN_IDENTITY[sdk=iphoneos*]" = "iPhone Developer";
				COPY_PHASE_STRIP = NO;
				DEBUG_INFORMATION_FORMAT = "dwarf-with-dsym";
				ENABLE_NS_ASSERTIONS = NO;
				ENABLE_STRICT_OBJC_MSGSEND = YES;
				GCC_C_LANGUAGE_STANDARD = gnu99;
				GCC_NO_COMMON_BLOCKS = YES;
				GCC_WARN_64_TO_32_BIT_CONVERSION = YES;
				GCC_WARN_ABOUT_RETURN_TYPE = YES_ERROR;
				GCC_WARN_UNDECLARED_SELECTOR = YES;
				GCC_WARN_UNINITIALIZED_AUTOS = YES_AGGRESSIVE;
				GCC_WARN_UNUSED_FUNCTION = YES;
				GCC_WARN_UNUSED_VARIABLE = YES;
				IPHONEOS_DEPLOYMENT_TARGET = 9.0;
				MTL_ENABLE_DEBUG_INFO = NO;
				SDKROOT = iphoneos;
				TARGETED_DEVICE_FAMILY = "1,2";
				VALIDATE_PRODUCT = YES;
			};
			name = Release;
		};
		6683111A1C1FA8C200D3BF05 /* Debug */ = {
			isa = XCBuildConfiguration;
			buildSettings = {
				ASSETCATALOG_COMPILER_APPICON_NAME = AppIcon;
				INFOPLIST_FILE = CJBlueToothDemo/Info.plist;
				LD_RUNPATH_SEARCH_PATHS = "$(inherited) @executable_path/Frameworks";
				PRODUCT_BUNDLE_IDENTIFIER = "-21it.net.CJBlueToothDemo";
				PRODUCT_NAME = "$(TARGET_NAME)";
			};
			name = Debug;
		};
		6683111B1C1FA8C200D3BF05 /* Release */ = {
			isa = XCBuildConfiguration;
			buildSettings = {
				ASSETCATALOG_COMPILER_APPICON_NAME = AppIcon;
				INFOPLIST_FILE = CJBlueToothDemo/Info.plist;
				LD_RUNPATH_SEARCH_PATHS = "$(inherited) @executable_path/Frameworks";
				PRODUCT_BUNDLE_IDENTIFIER = "-21it.net.CJBlueToothDemo";
				PRODUCT_NAME = "$(TARGET_NAME)";
			};
			name = Release;
		};
		6683111D1C1FA8C200D3BF05 /* Debug */ = {
			isa = XCBuildConfiguration;
			buildSettings = {
				BUNDLE_LOADER = "$(TEST_HOST)";
				INFOPLIST_FILE = CJBlueToothDemoTests/Info.plist;
				LD_RUNPATH_SEARCH_PATHS = "$(inherited) @executable_path/Frameworks @loader_path/Frameworks";
				PRODUCT_BUNDLE_IDENTIFIER = "-21it.net.CJBlueToothDemoTests";
				PRODUCT_NAME = "$(TARGET_NAME)";
				TEST_HOST = "$(BUILT_PRODUCTS_DIR)/CJBlueToothDemo.app/CJBlueToothDemo";
			};
			name = Debug;
		};
		6683111E1C1FA8C200D3BF05 /* Release */ = {
			isa = XCBuildConfiguration;
			buildSettings = {
				BUNDLE_LOADER = "$(TEST_HOST)";
				INFOPLIST_FILE = CJBlueToothDemoTests/Info.plist;
				LD_RUNPATH_SEARCH_PATHS = "$(inherited) @executable_path/Frameworks @loader_path/Frameworks";
				PRODUCT_BUNDLE_IDENTIFIER = "-21it.net.CJBlueToothDemoTests";
				PRODUCT_NAME = "$(TARGET_NAME)";
				TEST_HOST = "$(BUILT_PRODUCTS_DIR)/CJBlueToothDemo.app/CJBlueToothDemo";
			};
			name = Release;
		};
		668311201C1FA8C200D3BF05 /* Debug */ = {
			isa = XCBuildConfiguration;
			buildSettings = {
				INFOPLIST_FILE = CJBlueToothDemoUITests/Info.plist;
				LD_RUNPATH_SEARCH_PATHS = "$(inherited) @executable_path/Frameworks @loader_path/Frameworks";
				PRODUCT_BUNDLE_IDENTIFIER = "-21it.net.CJBlueToothDemoUITests";
				PRODUCT_NAME = "$(TARGET_NAME)";
				TEST_TARGET_NAME = CJBlueToothDemo;
				USES_XCTRUNNER = YES;
			};
			name = Debug;
		};
		668311211C1FA8C200D3BF05 /* Release */ = {
			isa = XCBuildConfiguration;
			buildSettings = {
				INFOPLIST_FILE = CJBlueToothDemoUITests/Info.plist;
				LD_RUNPATH_SEARCH_PATHS = "$(inherited) @executable_path/Frameworks @loader_path/Frameworks";
				PRODUCT_BUNDLE_IDENTIFIER = "-21it.net.CJBlueToothDemoUITests";
				PRODUCT_NAME = "$(TARGET_NAME)";
				TEST_TARGET_NAME = CJBlueToothDemo;
				USES_XCTRUNNER = YES;
			};
			name = Release;
		};
/* End XCBuildConfiguration section */

/* Begin XCConfigurationList section */
		668310E71C1FA8C200D3BF05 /* Build configuration list for PBXProject "CJBlueToothDemo" */ = {
			isa = XCConfigurationList;
			buildConfigurations = (
				668311171C1FA8C200D3BF05 /* Debug */,
				668311181C1FA8C200D3BF05 /* Release */,
			);
			defaultConfigurationIsVisible = 0;
			defaultConfigurationName = Release;
		};
		668311191C1FA8C200D3BF05 /* Build configuration list for PBXNativeTarget "CJBlueToothDemo" */ = {
			isa = XCConfigurationList;
			buildConfigurations = (
				6683111A1C1FA8C200D3BF05 /* Debug */,
				6683111B1C1FA8C200D3BF05 /* Release */,
			);
			defaultConfigurationIsVisible = 0;
			defaultConfigurationName = Release;
		};
		6683111C1C1FA8C200D3BF05 /* Build configuration list for PBXNativeTarget "CJBlueToothDemoTests" */ = {
			isa = XCConfigurationList;
			buildConfigurations = (
				6683111D1C1FA8C200D3BF05 /* Debug */,
				6683111E1C1FA8C200D3BF05 /* Release */,
			);
			defaultConfigurationIsVisible = 0;
			defaultConfigurationName = Release;
		};
		6683111F1C1FA8C200D3BF05 /* Build configuration list for PBXNativeTarget "CJBlueToothDemoUITests" */ = {
			isa = XCConfigurationList;
			buildConfigurations = (
				668311201C1FA8C200D3BF05 /* Debug */,
				668311211C1FA8C200D3BF05 /* Release */,
			);
			defaultConfigurationIsVisible = 0;
			defaultConfigurationName = Release;
		};
/* End XCConfigurationList section */
	};
	rootObject = 668310E41C1FA8C200D3BF05 /* Project object */;
}
